{
  "version": 1,
  "dependencies": {
    "net8.0": {
      "AsyncFixer": {
        "type": "Direct",
        "requested": "[1.6.0, )",
        "resolved": "1.6.0",
        "contentHash": "/Xfs9H3UMfEv64cwT+C/JrTRp4w08BmPuFbj0ageadCHpx6rxYJxAU2C6sEqRFG22xmGk5cX9ewzoiiehWVHOw=="
      },
      "Meziantou.Analyzer": {
        "type": "Direct",
        "requested": "[2.0.298, )",
        "resolved": "2.0.298",
        "contentHash": "i5WbIWe20IEsEv12E9eWHrrzKCBC3YRvwJmAPtPphuqFmc9277x3Msc2QcBYo9+SqNu6/1kP4Xw/3Ms60JgmZg=="
      },
      "Microsoft.CodeAnalysis.NetAnalyzers": {
        "type": "Direct",
        "requested": "[10.0.102, )",
        "resolved": "10.0.102",
        "contentHash": "4toG7NN4bwoIt5KAUJd8vhJQt5vwaLTBWdDOSeyaAAQP1wXLIkVshsMtKMIrPGpm0w+pHFpX7ffWqdB6ZAinoQ=="
      },
      "Nullable.Extended.Analyzer": {
        "type": "Direct",
        "requested": "[1.15.6581, )",
        "resolved": "1.15.6581",
        "contentHash": "lQ025E+aNR34QfXvRiHxNXTHK6JBkvpIIZD2IMk8QyROTZAkqs+PFasEa2xkIC+cN2C0Mw5MRnhX/Wrmz/qKfw=="
      },
      "ReflectionAnalyzers": {
        "type": "Direct",
        "requested": "[0.3.1, )",
        "resolved": "0.3.1",
        "contentHash": "Q7N3nziye+vGsDPcrKrPFjlaFhrM+1adtJcpjFeq4ufBB+uKc4kRezSK03382xpE8iNQbiRHUl+z31NW0W18FQ=="
      },
      "Roslynator.Analyzers": {
        "type": "Direct",
        "requested": "[4.15.0, )",
        "resolved": "4.15.0",
        "contentHash": "E8fu71Y+vzhniJKy1K13Rzwm8Vjcj7CDFBpflqncKUZfc3SzuF0kMBiyMmgXNPkjWTdE3Z+30HlGgYjHONZY/Q=="
      }
    }
  }
}