
Microsoft Visual Studio Solution File, Format Version 12.00
# Visual Studio Version 17
VisualStudioVersion = 17.0.31903.59
MinimumVisualStudioVersion = 10.0.40219.1
Project("{2150E333-8FDC-42A3-9474-1A3956D46DE8}") = "libs", "libs", "{139246CB-CE69-41FD-A53C-BE0DEFFAC59E}"
EndProject
Project("{FAE04EC0-301F-11D3-BF4B-00C04F79EFBC}") = "Core", "libs\core\Core.csproj", "{6EEBDBC4-3B88-4E08-BED3-1637B5B4113D}"
EndProject
Project("{FAE04EC0-301F-11D3-BF4B-00C04F79EFBC}") = "Rhino", "libs\rhino\Rhino.csproj", "{C43F681D-3AEA-40B3-9FAD-C4985C8A7395}"
EndProject
Project("{FAE04EC0-301F-11D3-BF4B-00C04F79EFBC}") = "grasshopper", "libs\grasshopper\grasshopper.csproj", "{05AC3A13-E4DD-4AA1-AD99-69142AFDB87D}"
EndProject
Project("{2150E333-8FDC-42A3-9474-1A3956D46DE8}") = "test", "test", "{79E3FB9A-ADB7-4332-8BC5-9F16B74943AC}"
EndProject
Project("{FAE04EC0-301F-11D3-BF4B-00C04F79EFBC}") = "Arsenal.Core.Tests", "test\core\Arsenal.Core.Tests.csproj", "{8AE84FC1-6A43-4376-9992-3F6E148D380B}"
EndProject
Project("{FAE04EC0-301F-11D3-BF4B-00C04F79EFBC}") = "Arsenal.Rhino.Tests", "test\rhino\Arsenal.Rhino.Tests.csproj", "{318DC384-9B41-48EB-A1BC-DDD49A7DF764}"
EndProject
Project("{FAE04EC0-301F-11D3-BF4B-00C04F79EFBC}") = "Arsenal.Tests.Shared", "test\shared\Arsenal.Tests.Shared.csproj", "{F9900C40-A408-4980-B7F6-428D1A91097B}"
EndProject
Global
	GlobalSection(SolutionConfigurationPlatforms) = preSolution
		Debug|Any CPU = Debug|Any CPU
		Release|Any CPU = Release|Any CPU
	EndGlobalSection
	GlobalSection(SolutionProperties) = preSolution
		HideSolutionNode = FALSE
	EndGlobalSection
	GlobalSection(ProjectConfigurationPlatforms) = postSolution
		{6EEBDBC4-3B88-4E08-BED3-1637B5B4113D}.Debug|Any CPU.ActiveCfg = Debug|Any CPU
		{6EEBDBC4-3B88-4E08-BED3-1637B5B4113D}.Debug|Any CPU.Build.0 = Debug|Any CPU
		{6EEBDBC4-3B88-4E08-BED3-1637B5B4113D}.Release|Any CPU.ActiveCfg = Release|Any CPU
		{6EEBDBC4-3B88-4E08-BED3-1637B5B4113D}.Release|Any CPU.Build.0 = Release|Any CPU
		{C43F681D-3AEA-40B3-9FAD-C4985C8A7395}.Debug|Any CPU.ActiveCfg = Debug|Any CPU
		{C43F681D-3AEA-40B3-9FAD-C4985C8A7395}.Debug|Any CPU.Build.0 = Debug|Any CPU
		{C43F681D-3AEA-40B3-9FAD-C4985C8A7395}.Release|Any CPU.ActiveCfg = Release|Any CPU
		{C43F681D-3AEA-40B3-9FAD-C4985C8A7395}.Release|Any CPU.Build.0 = Release|Any CPU
		{05AC3A13-E4DD-4AA1-AD99-69142AFDB87D}.Debug|Any CPU.ActiveCfg = Debug|Any CPU
		{05AC3A13-E4DD-4AA1-AD99-69142AFDB87D}.Debug|Any CPU.Build.0 = Debug|Any CPU
		{05AC3A13-E4DD-4AA1-AD99-69142AFDB87D}.Release|Any CPU.ActiveCfg = Release|Any CPU
		{05AC3A13-E4DD-4AA1-AD99-69142AFDB87D}.Release|Any CPU.Build.0 = Release|Any CPU
		{8AE84FC1-6A43-4376-9992-3F6E148D380B}.Debug|Any CPU.ActiveCfg = Debug|Any CPU
		{8AE84FC1-6A43-4376-9992-3F6E148D380B}.Debug|Any CPU.Build.0 = Debug|Any CPU
		{8AE84FC1-6A43-4376-9992-3F6E148D380B}.Release|Any CPU.ActiveCfg = Release|Any CPU
		{8AE84FC1-6A43-4376-9992-3F6E148D380B}.Release|Any CPU.Build.0 = Release|Any CPU
		{318DC384-9B41-48EB-A1BC-DDD49A7DF764}.Debug|Any CPU.ActiveCfg = Debug|Any CPU
		{318DC384-9B41-48EB-A1BC-DDD49A7DF764}.Debug|Any CPU.Build.0 = Debug|Any CPU
		{318DC384-9B41-48EB-A1BC-DDD49A7DF764}.Release|Any CPU.ActiveCfg = Release|Any CPU
		{318DC384-9B41-48EB-A1BC-DDD49A7DF764}.Release|Any CPU.Build.0 = Release|Any CPU
		{F9900C40-A408-4980-B7F6-428D1A91097B}.Debug|Any CPU.ActiveCfg = Debug|Any CPU
		{F9900C40-A408-4980-B7F6-428D1A91097B}.Debug|Any CPU.Build.0 = Debug|Any CPU
		{F9900C40-A408-4980-B7F6-428D1A91097B}.Release|Any CPU.ActiveCfg = Release|Any CPU
		{F9900C40-A408-4980-B7F6-428D1A91097B}.Release|Any CPU.Build.0 = Release|Any CPU
	EndGlobalSection
	GlobalSection(NestedProjects) = preSolution
		{6EEBDBC4-3B88-4E08-BED3-1637B5B4113D} = {139246CB-CE69-41FD-A53C-BE0DEFFAC59E}
		{C43F681D-3AEA-40B3-9FAD-C4985C8A7395} = {139246CB-CE69-41FD-A53C-BE0DEFFAC59E}
		{05AC3A13-E4DD-4AA1-AD99-69142AFDB87D} = {139246CB-CE69-41FD-A53C-BE0DEFFAC59E}
		{8AE84FC1-6A43-4376-9992-3F6E148D380B} = {79E3FB9A-ADB7-4332-8BC5-9F16B74943AC}
		{318DC384-9B41-48EB-A1BC-DDD49A7DF764} = {79E3FB9A-ADB7-4332-8BC5-9F16B74943AC}
		{F9900C40-A408-4980-B7F6-428D1A91097B} = {79E3FB9A-ADB7-4332-8BC5-9F16B74943AC}
	EndGlobalSection
EndGlobal
